{
  "name": "fieldplatform-context-wiki",
  "version": "0.1.0",
  "lockfileVersion": 3,
  "requires": true,
  "packages": {
    "": {
      "name": "fieldplatform-context-wiki",
      "version": "0.1.0",
      "dependencies": {
        "fuse.js": "^7.4.0"
      }
    },
    "node_modules/fuse.js": {
      "version": "7.4.0",
      "resolved": "https://registry.npmjs.org/fuse.js/-/fuse.js-7.4.0.tgz",
      "integrity": "sha512-3UqmoSFwzX1sNB1YSk+Co0EdH29XCW2p9g48OAiy93cjKqzuABsqw2VIgSN3CmsT/wo6pIJ3F0Jxeiiby8rhIQ==",
      "license": "Apache-2.0",
      "engines": {
        "node": ">=10"
      },
      "funding": {
        "type": "github",
        "url": "https://github.com/sponsors/krisk"
      }
    }
  }
}
